
Microsoft Visual Studio Solution File, Format Version 12.00
# Visual Studio Version 17
VisualStudioVersion = 17.7.34024.191
MinimumVisualStudioVersion = 10.0.40219.1
Project("{FAE04EC0-301F-11D3-BF4B-00C04F79EFBC}") = "Завдання1", "Завдання1\Завдання1.csproj", "{1E04B192-45E2-42DF-BA6A-76360605E444}"
EndProject
Global
	GlobalSection(SolutionConfigurationPlatforms) = preSolution
		Debug|Any CPU = Debug|Any CPU
		Release|Any CPU = Release|Any CPU
	EndGlobalSection
	GlobalSection(ProjectConfigurationPlatforms) = postSolution
		{1E04B192-45E2-42DF-BA6A-76360605E444}.Debug|Any CPU.ActiveCfg = Debug|Any CPU
		{1E04B192-45E2-42DF-BA6A-76360605E444}.Debug|Any CPU.Build.0 = Debug|Any CPU
		{1E04B192-45E2-42DF-BA6A-76360605E444}.Release|Any CPU.ActiveCfg = Release|Any CPU
		{1E04B192-45E2-42DF-BA6A-76360605E444}.Release|Any CPU.Build.0 = Release|Any CPU
	EndGlobalSection
	GlobalSection(SolutionProperties) = preSolution
		HideSolutionNode = FALSE
	EndGlobalSection
	GlobalSection(ExtensibilityGlobals) = postSolution
		SolutionGuid = {851E11BB-5E1D-4C94-9C57-E6CC4A141AE7}
	EndGlobalSection
EndGlobal
